
Microsoft Visual Studio Solution File, Format Version 12.00
# Visual Studio Version 16
VisualStudioVersion = 16.0.30804.86
MinimumVisualStudioVersion = 10.0.40219.1
Project("{9A19103F-16F7-4668-BE54-9A1E7A4F7556}") = "BowlingConsoleApp", "BowlingConsoleApp\BowlingConsoleApp.csproj", "{82D1A8E3-7F2D-48A2-9C4D-8AC00F9D16F5}"
EndProject
Project("{FAE04EC0-301F-11D3-BF4B-00C04F79EFBC}") = "BowlingConsoleAppTests", "BowlingConsoleAppTests\BowlingConsoleAppTests.csproj", "{0B549448-5713-4843-9E25-B1072AC8AA82}"
EndProject
Global
	GlobalSection(SolutionConfigurationPlatforms) = preSolution
		Debug|Any CPU = Debug|Any CPU
		Release|Any CPU = Release|Any CPU
	EndGlobalSection
	GlobalSection(ProjectConfigurationPlatforms) = postSolution
		{82D1A8E3-7F2D-48A2-9C4D-8AC00F9D16F5}.Debug|Any CPU.ActiveCfg = Debug|Any CPU
		{82D1A8E3-7F2D-48A2-9C4D-8AC00F9D16F5}.Debug|Any CPU.Build.0 = Debug|Any CPU
		{82D1A8E3-7F2D-48A2-9C4D-8AC00F9D16F5}.Release|Any CPU.ActiveCfg = Release|Any CPU
		{82D1A8E3-7F2D-48A2-9C4D-8AC00F9D16F5}.Release|Any CPU.Build.0 = Release|Any CPU
		{0B549448-5713-4843-9E25-B1072AC8AA82}.Debug|Any CPU.ActiveCfg = Debug|Any CPU
		{0B549448-5713-4843-9E25-B1072AC8AA82}.Debug|Any CPU.Build.0 = Debug|Any CPU
		{0B549448-5713-4843-9E25-B1072AC8AA82}.Release|Any CPU.ActiveCfg = Release|Any CPU
		{0B549448-5713-4843-9E25-B1072AC8AA82}.Release|Any CPU.Build.0 = Release|Any CPU
	EndGlobalSection
	GlobalSection(SolutionProperties) = preSolution
		HideSolutionNode = FALSE
	EndGlobalSection
	GlobalSection(ExtensibilityGlobals) = postSolution
		SolutionGuid = {A52ED6E2-5E9C-45D7-AF74-DD3EE8E61057}
	EndGlobalSection
EndGlobal
